
Microsoft Visual Studio Solution File, Format Version 12.00
# Visual Studio Version 17
VisualStudioVersion = 17.0.31903.59
MinimumVisualStudioVersion = 10.0.40219.1
Project("{9A19103F-16F7-4668-BE54-9A1E7A4F7556}") = "MicroservicesPlayground.PlatformService", "MicroservicesPlayground.PlatformService\MicroservicesPlayground.PlatformService.csproj", "{9B0DF8BE-7A29-4CD9-9566-3E2DD4D452D8}"
EndProject
Project("{FAE04EC0-301F-11D3-BF4B-00C04F79EFBC}") = "MicroservicesPlayground.CommandService", "MicroservicesPlayground.CommandService\MicroservicesPlayground.CommandService.csproj", "{495C3E00-14AC-4A92-8733-2FABE378C562}"
EndProject
Global
	GlobalSection(SolutionConfigurationPlatforms) = preSolution
		Debug|Any CPU = Debug|Any CPU
		Release|Any CPU = Release|Any CPU
	EndGlobalSection
	GlobalSection(ProjectConfigurationPlatforms) = postSolution
		{9B0DF8BE-7A29-4CD9-9566-3E2DD4D452D8}.Debug|Any CPU.ActiveCfg = Debug|Any CPU
		{9B0DF8BE-7A29-4CD9-9566-3E2DD4D452D8}.Debug|Any CPU.Build.0 = Debug|Any CPU
		{9B0DF8BE-7A29-4CD9-9566-3E2DD4D452D8}.Release|Any CPU.ActiveCfg = Release|Any CPU
		{9B0DF8BE-7A29-4CD9-9566-3E2DD4D452D8}.Release|Any CPU.Build.0 = Release|Any CPU
		{495C3E00-14AC-4A92-8733-2FABE378C562}.Debug|Any CPU.ActiveCfg = Debug|Any CPU
		{495C3E00-14AC-4A92-8733-2FABE378C562}.Debug|Any CPU.Build.0 = Debug|Any CPU
		{495C3E00-14AC-4A92-8733-2FABE378C562}.Release|Any CPU.ActiveCfg = Release|Any CPU
		{495C3E00-14AC-4A92-8733-2FABE378C562}.Release|Any CPU.Build.0 = Release|Any CPU
	EndGlobalSection
	GlobalSection(SolutionProperties) = preSolution
		HideSolutionNode = FALSE
	EndGlobalSection
	GlobalSection(ExtensibilityGlobals) = postSolution
		SolutionGuid = {A60A59AB-47EC-45DE-8EC5-A798E2A6B1AE}
	EndGlobalSection
EndGlobal
